{
  "name": "normalize-response-headers",
  "version": "1.0.0",
  "lockfileVersion": 1,
  "requires": true,
  "dependencies": {
    "header-case-normalizer": {
      "version": "1.0.3",
      "resolved": "https://registry.npmjs.org/header-case-normalizer/-/header-case-normalizer-1.0.3.tgz",
      "integrity": "sha1-+x1MjQxhadyrT3x+IbGGpqIqwME="
    }
  }
}
